
Microsoft Visual Studio Solution File, Format Version 12.00
# Visual Studio Version 16
VisualStudioVersion = 16.0.29411.108
MinimumVisualStudioVersion = 10.0.40219.1
Project("{FAE04EC0-301F-11D3-BF4B-00C04F79EFBC}") = "NoDefaultGuidAnalyzer", "NoDefaultGuidAnalyzer\NoDefaultGuidAnalyzer\NoDefaultGuidAnalyzer.csproj", "{B61F5F1B-19A9-4D54-92EA-E0BF95C1C697}"
EndProject
Project("{FAE04EC0-301F-11D3-BF4B-00C04F79EFBC}") = "NoDefaultGuidAnalyzer.Test", "NoDefaultGuidAnalyzer\NoDefaultGuidAnalyzer.Test\NoDefaultGuidAnalyzer.Test.csproj", "{A5BE8586-6994-4C07-AC7F-E71D87D445F7}"
EndProject
Project("{FAE04EC0-301F-11D3-BF4B-00C04F79EFBC}") = "NoDefaultGuidAnalyzer.Vsix", "NoDefaultGuidAnalyzer\NoDefaultGuidAnalyzer.Vsix\NoDefaultGuidAnalyzer.Vsix.csproj", "{14D4D7C7-92F3-4B64-95A2-1B369757F8FB}"
EndProject
Global
	GlobalSection(SolutionConfigurationPlatforms) = preSolution
		Debug|Any CPU = Debug|Any CPU
		Release|Any CPU = Release|Any CPU
	EndGlobalSection
	GlobalSection(ProjectConfigurationPlatforms) = postSolution
		{B61F5F1B-19A9-4D54-92EA-E0BF95C1C697}.Debug|Any CPU.ActiveCfg = Debug|Any CPU
		{B61F5F1B-19A9-4D54-92EA-E0BF95C1C697}.Debug|Any CPU.Build.0 = Debug|Any CPU
		{B61F5F1B-19A9-4D54-92EA-E0BF95C1C697}.Release|Any CPU.ActiveCfg = Release|Any CPU
		{B61F5F1B-19A9-4D54-92EA-E0BF95C1C697}.Release|Any CPU.Build.0 = Release|Any CPU
		{A5BE8586-6994-4C07-AC7F-E71D87D445F7}.Debug|Any CPU.ActiveCfg = Debug|Any CPU
		{A5BE8586-6994-4C07-AC7F-E71D87D445F7}.Debug|Any CPU.Build.0 = Debug|Any CPU
		{A5BE8586-6994-4C07-AC7F-E71D87D445F7}.Release|Any CPU.ActiveCfg = Release|Any CPU
		{A5BE8586-6994-4C07-AC7F-E71D87D445F7}.Release|Any CPU.Build.0 = Release|Any CPU
		{14D4D7C7-92F3-4B64-95A2-1B369757F8FB}.Debug|Any CPU.ActiveCfg = Debug|Any CPU
		{14D4D7C7-92F3-4B64-95A2-1B369757F8FB}.Debug|Any CPU.Build.0 = Debug|Any CPU
		{14D4D7C7-92F3-4B64-95A2-1B369757F8FB}.Release|Any CPU.ActiveCfg = Release|Any CPU
		{14D4D7C7-92F3-4B64-95A2-1B369757F8FB}.Release|Any CPU.Build.0 = Release|Any CPU
	EndGlobalSection
	GlobalSection(SolutionProperties) = preSolution
		HideSolutionNode = FALSE
	EndGlobalSection
	GlobalSection(ExtensibilityGlobals) = postSolution
		SolutionGuid = {169D5AB7-D032-4E92-AE89-70C9F76EDB4B}
	EndGlobalSection
EndGlobal
